# This file is automatically @generated by Cargo.
# It is not intended for manual editing.
version = 3

[[package]]
name = "assert_cli"
version = "0.6.3"
source = "registry+https://github.com/rust-lang/crates.io-index"
checksum = "a29ab7c0ed62970beb0534d637a8688842506d0ff9157de83286dacd065c8149"
dependencies = [
 "colored",
 "difference",
 "environment",
 "failure",
 "failure_derive",
 "serde_json",
]

[[package]]
name = "atty"
version = "0.2.8"
source = "registry+https://github.com/rust-lang/crates.io-index"
checksum = "af80143d6f7608d746df1520709e5d141c96f240b0e62b0aa41bdfb53374d9d4"
dependencies = [
 "libc",
 "termion",
 "winapi",
]

[[package]]
name = "autocfg"
version = "1.1.0"
source = "registry+https://github.com/rust-lang/crates.io-index"
checksum = "d468802bab17cbc0cc575e9b053f41e72aa36bfa6b7f55e3529ffa43161b97fa"

[[package]]
name = "backtrace"
version = "0.3.7"
source = "registry+https://github.com/rust-lang/crates.io-index"
checksum = "8ea58cd16fd6c9d120b5bcb01d63883ae4cc7ba2aed35c1841b862a3c7ef6639"
dependencies = [
 "backtrace-sys",
 "cfg-if 0.1.3",
 "libc",
 "rustc-demangle",
 "winapi",
]

[[package]]
name = "backtrace-sys"
version = "0.1.16"
source = "registry+https://github.com/rust-lang/crates.io-index"
checksum = "44585761d6161b0f57afc49482ab6bd067e4edef48c12a152c237eb0203f7661"
dependencies = [
 "cc",
 "libc",
]

[[package]]
name = "bitflags"
version = "1.3.2"
source = "registry+https://github.com/rust-lang/crates.io-index"
checksum = "bef38d45163c2f1dde094a7dfd33ccf595c92905c8f8f4fdc18d06fb1037718a"

[[package]]
name = "cc"
version = "1.0.72"
source = "registry+https://github.com/rust-lang/crates.io-index"
checksum = "22a9137b95ea06864e018375b72adfb7db6e6f68cfc8df5a04d00288050485ee"
dependencies = [
 "jobserver",
]

[[package]]
name = "cfg-if"
version = "0.1.3"
source = "registry+https://github.com/rust-lang/crates.io-index"
checksum = "405216fd8fe65f718daa7102ea808a946b6ce40c742998fbfd3463645552de18"

[[package]]
name = "cfg-if"
version = "1.0.0"
source = "registry+https://github.com/rust-lang/crates.io-index"
checksum = "baf1de4339761588bc0619e3cbc0120ee582ebb74b53b4efbf79117bd2da40fd"

[[package]]
name = "clap"
version = "3.1.0"
source = "registry+https://github.com/rust-lang/crates.io-index"
checksum = "e5f1fea81f183005ced9e59cdb01737ef2423956dac5a6d731b06b2ecfaa3467"
dependencies = [
 "atty",
 "bitflags",
 "indexmap",
 "os_str_bytes",
 "strsim",
 "termcolor",
 "textwrap",
]

[[package]]
name = "colored"
version = "1.6.0"
source = "registry+https://github.com/rust-lang/crates.io-index"
checksum = "b0aa3473e85a3161b59845d6096b289bb577874cafeaf75ea1b1beaa6572c7fc"
dependencies = [
 "lazy_static",
]

[[package]]
name = "difference"
version = "2.0.0"
source = "registry+https://github.com/rust-lang/crates.io-index"
checksum = "524cbf6897b527295dff137cec09ecf3a05f4fddffd7dfcd1585403449e74198"

[[package]]
name = "dtoa"
version = "0.4.2"
source = "registry+https://github.com/rust-lang/crates.io-index"
checksum = "09c3753c3db574d215cba4ea76018483895d7bff25a31b49ba45db21c48e50ab"

[[package]]
name = "environment"
version = "0.1.1"
source = "registry+https://github.com/rust-lang/crates.io-index"
checksum = "1f4b14e20978669064c33b4c1e0fb4083412e40fe56cbea2eae80fd7591503ee"

[[package]]
name = "failure"
version = "0.1.1"
source = "registry+https://github.com/rust-lang/crates.io-index"
checksum = "934799b6c1de475a012a02dab0ace1ace43789ee4b99bcfbf1a2e3e8ced5de82"
dependencies = [
 "backtrace",
 "failure_derive",
]

[[package]]
name = "failure_derive"
version = "0.1.1"
source = "registry+https://github.com/rust-lang/crates.io-index"
checksum = "c7cdda555bb90c9bb67a3b670a0f42de8e73f5981524123ad8578aafec8ddb8b"
dependencies = [
 "quote",
 "syn",
 "synstructure",
]

[[package]]
name = "fastrand"
version = "1.7.0"
source = "registry+https://github.com/rust-lang/crates.io-index"
checksum = "c3fcf0cee53519c866c09b5de1f6c56ff9d647101f81c1964fa632e148896cdf"
dependencies = [
 "instant",
]

[[package]]
name = "form_urlencoded"
version = "1.0.1"
source = "registry+https://github.com/rust-lang/crates.io-index"
checksum = "5fc25a87fa4fd2094bffb06925852034d90a17f0d1e05197d4956d3555752191"
dependencies = [
 "matches",
 "percent-encoding",
]

[[package]]
name = "git2"
version = "0.13.25"
source = "registry+https://github.com/rust-lang/crates.io-index"
checksum = "f29229cc1b24c0e6062f6e742aa3e256492a5323365e5ed3413599f8a5eff7d6"
dependencies = [
 "bitflags",
 "libc",
 "libgit2-sys",
 "log",
 "openssl-probe",
 "openssl-sys",
 "url",
]

[[package]]
name = "hashbrown"
version = "0.11.2"
source = "registry+https://github.com/rust-lang/crates.io-index"
checksum = "ab5ef0d4909ef3724cc8cce6ccc8572c5c817592e9285f5464f8e86f8bd3726e"

[[package]]
name = "idna"
version = "0.2.3"
source = "registry+https://github.com/rust-lang/crates.io-index"
checksum = "418a0a6fab821475f634efe3ccc45c013f742efe03d853e8d3355d5cb850ecf8"
dependencies = [
 "matches",
 "unicode-bidi",
 "unicode-normalization",
]

[[package]]
name = "indexmap"
version = "1.8.0"
source = "registry+https://github.com/rust-lang/crates.io-index"
checksum = "282a6247722caba404c065016bbfa522806e51714c34f5dfc3e4a3a46fcb4223"
dependencies = [
 "autocfg",
 "hashbrown",
]

[[package]]
name = "instant"
version = "0.1.12"
source = "registry+https://github.com/rust-lang/crates.io-index"
checksum = "7a5bbe824c507c5da5956355e86a746d82e0e1464f65d862cc5e71da70e94b2c"
dependencies = [
 "cfg-if 1.0.0",
]

[[package]]
name = "itoa"
version = "0.4.1"
source = "registry+https://github.com/rust-lang/crates.io-index"
checksum = "c069bbec61e1ca5a596166e55dfe4773ff745c3d16b700013bcaff9a6df2c682"

[[package]]
name = "jobserver"
version = "0.1.24"
source = "registry+https://github.com/rust-lang/crates.io-index"
checksum = "af25a77299a7f711a01975c35a6a424eb6862092cc2d6c72c4ed6cbc56dfc1fa"
dependencies = [
 "libc",
]

[[package]]
name = "lazy_static"
version = "0.2.11"
source = "registry+https://github.com/rust-lang/crates.io-index"
checksum = "76f033c7ad61445c5b347c7382dd1237847eb1bce590fe50365dcb33d546be73"

[[package]]
name = "libc"
version = "0.2.117"
source = "registry+https://github.com/rust-lang/crates.io-index"
checksum = "e74d72e0f9b65b5b4ca49a346af3976df0f9c61d550727f349ecd559f251a26c"

[[package]]
name = "libgit2-sys"
version = "0.12.26+1.3.0"
source = "registry+https://github.com/rust-lang/crates.io-index"
checksum = "19e1c899248e606fbfe68dcb31d8b0176ebab833b103824af31bddf4b7457494"
dependencies = [
 "cc",
 "libc",
 "libssh2-sys",
 "libz-sys",
 "openssl-sys",
 "pkg-config",
]

[[package]]
name = "libssh2-sys"
version = "0.2.23"
source = "registry+https://github.com/rust-lang/crates.io-index"
checksum = "b094a36eb4b8b8c8a7b4b8ae43b2944502be3e59cd87687595cf6b0a71b3f4ca"
dependencies = [
 "cc",
 "libc",
 "libz-sys",
 "openssl-sys",
 "pkg-config",
 "vcpkg",
]

[[package]]
name = "libz-sys"
version = "1.1.3"
source = "registry+https://github.com/rust-lang/crates.io-index"
checksum = "de5435b8549c16d423ed0c03dbaafe57cf6c3344744f1242520d59c9d8ecec66"
dependencies = [
 "cc",
 "libc",
 "pkg-config",
 "vcpkg",
]

[[package]]
name = "log"
version = "0.4.14"
source = "registry+https://github.com/rust-lang/crates.io-index"
checksum = "51b9bbe6c47d51fc3e1a9b945965946b4c44142ab8792c50835a980d362c2710"
dependencies = [
 "cfg-if 1.0.0",
]

[[package]]
name = "matches"
version = "0.1.6"
source = "registry+https://github.com/rust-lang/crates.io-index"
checksum = "100aabe6b8ff4e4a7e32c1c13523379802df0772b82466207ac25b013f193376"

[[package]]
name = "memchr"
version = "2.4.1"
source = "registry+https://github.com/rust-lang/crates.io-index"
checksum = "308cc39be01b73d0d18f82a0e7b2a3df85245f84af96fdddc5d202d27e47b86a"

[[package]]
name = "openssl-probe"
version = "0.1.2"
source = "registry+https://github.com/rust-lang/crates.io-index"
checksum = "77af24da69f9d9341038eba93a073b1fdaaa1b788221b00a69bce9e762cb32de"

[[package]]
name = "openssl-sys"
version = "0.9.54"
source = "registry+https://github.com/rust-lang/crates.io-index"
checksum = "1024c0a59774200a555087a6da3f253a9095a5f344e353b212ac4c8b8e450986"
dependencies = [
 "autocfg",
 "cc",
 "libc",
 "pkg-config",
 "vcpkg",
]

[[package]]
name = "os_str_bytes"
version = "6.0.0"
source = "registry+https://github.com/rust-lang/crates.io-index"
checksum = "8e22443d1643a904602595ba1cd8f7d896afe56d26712531c5ff73a15b2fbf64"
dependencies = [
 "memchr",
]

[[package]]
name = "percent-encoding"
version = "2.1.0"
source = "registry+https://github.com/rust-lang/crates.io-index"
checksum = "d4fd5641d01c8f18a23da7b6fe29298ff4b55afcccdf78973b24cf3175fee32e"

[[package]]
name = "pkg-config"
version = "0.3.24"
source = "registry+https://github.com/rust-lang/crates.io-index"
checksum = "58893f751c9b0412871a09abd62ecd2a00298c6c83befa223ef98c52aef40cbe"

[[package]]
name = "quote"
version = "0.3.15"
source = "registry+https://github.com/rust-lang/crates.io-index"
checksum = "7a6e920b65c65f10b2ae65c831a81a073a89edd28c7cce89475bff467ab4167a"

[[package]]
name = "redox_syscall"
version = "0.1.37"
source = "registry+https://github.com/rust-lang/crates.io-index"
checksum = "0d92eecebad22b767915e4d529f89f28ee96dbbf5a4810d2b844373f136417fd"

[[package]]
name = "redox_syscall"
version = "0.2.10"
source = "registry+https://github.com/rust-lang/crates.io-index"
checksum = "8383f39639269cde97d255a32bdb68c047337295414940c68bdd30c2e13203ff"
dependencies = [
 "bitflags",
]

[[package]]
name = "redox_termios"
version = "0.1.1"
source = "registry+https://github.com/rust-lang/crates.io-index"
checksum = "7e891cfe48e9100a70a3b6eb652fef28920c117d366339687bd5576160db0f76"
dependencies = [
 "redox_syscall 0.1.37",
]

[[package]]
name = "remove_dir_all"
version = "0.5.1"
source = "registry+https://github.com/rust-lang/crates.io-index"
checksum = "3488ba1b9a2084d38645c4c08276a1752dcbf2c7130d74f1569681ad5d2799c5"
dependencies = [
 "winapi",
]

[[package]]
name = "rustc-demangle"
version = "0.1.8"
source = "registry+https://github.com/rust-lang/crates.io-index"
checksum = "76d7ba1feafada44f2d38eed812bd2489a03c0f5abb975799251518b68848649"

[[package]]
name = "serde"
version = "1.0.55"
source = "registry+https://github.com/rust-lang/crates.io-index"
checksum = "97f6a6c3caba0cf8f883b53331791036404ce3c1bd895961cf8bb2f8cecfd84b"

[[package]]
name = "serde_json"
version = "1.0.17"
source = "registry+https://github.com/rust-lang/crates.io-index"
checksum = "f3ad6d546e765177cf3dded3c2e424a8040f870083a0e64064746b958ece9cb1"
dependencies = [
 "dtoa",
 "itoa",
 "serde",
]

[[package]]
name = "strsim"
version = "0.10.0"
source = "registry+https://github.com/rust-lang/crates.io-index"
checksum = "73473c0e59e6d5812c5dfe2a064a6444949f089e20eec9a2e5506596494e4623"

[[package]]
name = "syn"
version = "0.11.11"
source = "registry+https://github.com/rust-lang/crates.io-index"
checksum = "d3b891b9015c88c576343b9b3e41c2c11a51c219ef067b264bd9c8aa9b441dad"
dependencies = [
 "quote",
 "synom",
 "unicode-xid",
]

[[package]]
name = "synom"
version = "0.11.3"
source = "registry+https://github.com/rust-lang/crates.io-index"
checksum = "a393066ed9010ebaed60b9eafa373d4b1baac186dd7e008555b0f702b51945b6"
dependencies = [
 "unicode-xid",
]

[[package]]
name = "synstructure"
version = "0.6.1"
source = "registry+https://github.com/rust-lang/crates.io-index"
checksum = "3a761d12e6d8dcb4dcf952a7a89b475e3a9d69e4a69307e01a470977642914bd"
dependencies = [
 "quote",
 "syn",
]

[[package]]
name = "tempfile"
version = "3.3.0"
source = "registry+https://github.com/rust-lang/crates.io-index"
checksum = "5cdb1ef4eaeeaddc8fbd371e5017057064af0911902ef36b39801f67cc6d79e4"
dependencies = [
 "cfg-if 1.0.0",
 "fastrand",
 "libc",
 "redox_syscall 0.2.10",
 "remove_dir_all",
 "winapi",
]

[[package]]
name = "termcolor"
version = "1.1.2"
source = "registry+https://github.com/rust-lang/crates.io-index"
checksum = "2dfed899f0eb03f32ee8c6a0aabdb8a7949659e3466561fc0adf54e26d88c5f4"
dependencies = [
 "winapi-util",
]

[[package]]
name = "termion"
version = "1.5.1"
source = "registry+https://github.com/rust-lang/crates.io-index"
checksum = "689a3bdfaab439fd92bc87df5c4c78417d3cbe537487274e9b0b2dce76e92096"
dependencies = [
 "libc",
 "redox_syscall 0.1.37",
 "redox_termios",
]

[[package]]
name = "text_io"
version = "0.1.9"
source = "registry+https://github.com/rust-lang/crates.io-index"
checksum = "ee74b5019b48991b09803402aaf9e65a053b3993fe9d9c475ab67a395358ba76"

[[package]]
name = "textwrap"
version = "0.14.2"
source = "registry+https://github.com/rust-lang/crates.io-index"
checksum = "0066c8d12af8b5acd21e00547c3797fde4e8677254a7ee429176ccebbe93dd80"

[[package]]
name = "ticket"
version = "0.2.0"
dependencies = [
 "assert_cli",
 "clap",
 "git2",
 "tempfile",
 "text_io",
]

[[package]]
name = "tinyvec"
version = "1.5.1"
source = "registry+https://github.com/rust-lang/crates.io-index"
checksum = "2c1c1d5a42b6245520c249549ec267180beaffcc0615401ac8e31853d4b6d8d2"
dependencies = [
 "tinyvec_macros",
]

[[package]]
name = "tinyvec_macros"
version = "0.1.0"
source = "registry+https://github.com/rust-lang/crates.io-index"
checksum = "cda74da7e1a664f795bb1f8a87ec406fb89a02522cf6e50620d016add6dbbf5c"

[[package]]
name = "unicode-bidi"
version = "0.3.4"
source = "registry+https://github.com/rust-lang/crates.io-index"
checksum = "49f2bd0c6468a8230e1db229cff8029217cf623c767ea5d60bfbd42729ea54d5"
dependencies = [
 "matches",
]

[[package]]
name = "unicode-normalization"
version = "0.1.19"
source = "registry+https://github.com/rust-lang/crates.io-index"
checksum = "d54590932941a9e9266f0832deed84ebe1bf2e4c9e4a3554d393d18f5e854bf9"
dependencies = [
 "tinyvec",
]

[[package]]
name = "unicode-xid"
version = "0.0.4"
source = "registry+https://github.com/rust-lang/crates.io-index"
checksum = "8c1f860d7d29cf02cb2f3f359fd35991af3d30bac52c57d265a3c461074cb4dc"

[[package]]
name = "url"
version = "2.2.2"
source = "registry+https://github.com/rust-lang/crates.io-index"
checksum = "a507c383b2d33b5fc35d1861e77e6b383d158b2da5e14fe51b83dfedf6fd578c"
dependencies = [
 "form_urlencoded",
 "idna",
 "matches",
 "percent-encoding",
]

[[package]]
name = "vcpkg"
version = "0.2.2"
source = "registry+https://github.com/rust-lang/crates.io-index"
checksum = "9e0a7d8bed3178a8fb112199d466eeca9ed09a14ba8ad67718179b4fd5487d0b"

[[package]]
name = "winapi"
version = "0.3.4"
source = "registry+https://github.com/rust-lang/crates.io-index"
checksum = "04e3bd221fcbe8a271359c04f21a76db7d0c6028862d1bb5512d85e1e2eb5bb3"
dependencies = [
 "winapi-i686-pc-windows-gnu",
 "winapi-x86_64-pc-windows-gnu",
]

[[package]]
name = "winapi-i686-pc-windows-gnu"
version = "0.4.0"
source = "registry+https://github.com/rust-lang/crates.io-index"
checksum = "ac3b87c63620426dd9b991e5ce0329eff545bccbbb34f3be09ff6fb6ab51b7b6"

[[package]]
name = "winapi-util"
version = "0.1.5"
source = "registry+https://github.com/rust-lang/crates.io-index"
checksum = "70ec6ce85bb158151cae5e5c87f95a8e97d2c0c4b001223f33a334e3ce5de178"
dependencies = [
 "winapi",
]

[[package]]
name = "winapi-x86_64-pc-windows-gnu"
version = "0.4.0"
source = "registry+https://github.com/rust-lang/crates.io-index"
checksum = "712e227841d057c1ee1cd2fb22fa7e5a5461ae8e48fa2ca79ec42cfc1931183f"
